{
  "name": "adibaicon",
  "version": "2.2.1",
  "lockfileVersion": 3,
  "requires": true,
  "packages": {
    "": {
      "name": "adibaicon",
      "version": "2.2.1",
      "license": "MIT",
      "os": [
        "darwin",
        "linux",
        "win32"
      ],
      "dependencies": {
        "adibaicon": "file:adibaicon-2.2.1.tgz"
      },
      "engines": {
        "node": "22.x"
      },
      "funding": {
        "type": "github",
        "url": "https://github.com/sponsors/jmrashed"
      }
    }
  }
}
